// !$*UTF8*$!
{
	archiveVersion = 1;
	classes = {
	};
	objectVersion = 50;
	objects = {

/* Begin PBXBuildFile section */
		774E648F26FBCD4300EBB63F /* AppDelegate.swift in Sources */ = {isa = PBXBuildFile; fileRef = 774E648E26FBCD4300EBB63F /* AppDelegate.swift */; };
		774E649126FBCD4300EBB63F /* SceneDelegate.swift in Sources */ = {isa = PBXBuildFile; fileRef = 774E649026FBCD4300EBB63F /* SceneDelegate.swift */; };
		774E649326FBCD4300EBB63F /* ViewController.swift in Sources */ = {isa = PBXBuildFile; fileRef = 774E649226FBCD4300EBB63F /* ViewController.swift */; };
		774E649626FBCD4300EBB63F /* Main.storyboard in Resources */ = {isa = PBXBuildFile; fileRef = 774E649426FBCD4300EBB63F /* Main.storyboard */; };
		774E649826FBCD4500EBB63F /* Assets.xcassets in Resources */ = {isa = PBXBuildFile; fileRef = 774E649726FBCD4500EBB63F /* Assets.xcassets */; };
		774E649B26FBCD4500EBB63F /* LaunchScreen.storyboard in Resources */ = {isa = PBXBuildFile; fileRef = 774E649926FBCD4500EBB63F /* LaunchScreen.storyboard */; };
/* End PBXBuildFile section */

/* Begin PBXFileReference section */
		774E648B26FBCD4300EBB63F /* PaletteOfView.app */ = {isa = PBXFileReference; explicitFileType = wrapper.application; includeInIndex = 0; path = PaletteOfView.app; sourceTree = BUILT_PRODUCTS_DIR; };
		774E648E26FBCD4300EBB63F /* AppDelegate.swift */ = {isa = PBXFileReference; lastKnownFileType = sourcecode.swift; path = AppDelegate.swift; sourceTree = "<group>"; };
		774E649026FBCD4300EBB63F /* SceneDelegate.swift */ = {isa = PBXFileReference; lastKnownFileType = sourcecode.swift; path = SceneDelegate.swift; sourceTree = "<group>"; };
		774E649226FBCD4300EBB63F /* ViewController.swift */ = {isa = PBXFileReference; lastKnownFileType = sourcecode.swift; path = ViewController.swift; sourceTree = "<group>"; };
		774E649526FBCD4300EBB63F /* Base */ = {isa = PBXFileReference; lastKnownFileType = file.storyboard; name = Base; path = Base.lproj/Main.storyboard; sourceTree = "<group>"; };
		774E649726FBCD4500EBB63F /* Assets.xcassets */ = {isa = PBXFileReference; lastKnownFileType = folder.assetcatalog; path = Assets.xcassets; sourceTree = "<group>"; };
		774E649A26FBCD4500EBB63F /* Base */ = {isa = PBXFileReference; lastKnownFileType = file.storyboard; name = Base; path = Base.lproj/LaunchScreen.storyboard; sourceTree = "<group>"; };
		774E649C26FBCD4500EBB63F /* Info.plist */ = {isa = PBXFileReference; lastKnownFileType = text.plist.xml; path = Info.plist; sourceTree = "<group>"; };
/* End PBXFileReference section */

/* Begin PBXFrameworksBuildPhase section */
		774E648826FBCD4300EBB63F /* Frameworks */ = {
			isa = PBXFrameworksBuildPhase;
			buildActionMask = 2147483647;
			files = (
			);
			runOnlyForDeploymentPostprocessing = 0;
		};
/* End PBXFrameworksBuildPhase section */

/* Begin PBXGroup section */
		774E648226FBCD4300EBB63F = {
			isa = PBXGroup;
			children = (
				774E648D26FBCD4300EBB63F /* PaletteOfView */,
				774E648C26FBCD4300EBB63F /* Products */,
			);
			sourceTree = "<group>";
		};
		774E648C26FBCD4300EBB63F /* Products */ = {
			isa = PBXGroup;
			children = (
				774E648B26FBCD4300EBB63F /* PaletteOfView.app */,
			);
			name = Products;
			sourceTree = "<group>";
		};
		774E648D26FBCD4300EBB63F /* PaletteOfView */ = {
			isa = PBXGroup;
			children = (
				774E648E26FBCD4300EBB63F /* AppDelegate.swift */,
				774E649026FBCD4300EBB63F /* SceneDelegate.swift */,
				774E649226FBCD4300EBB63F /* ViewController.swift */,
				774E649426FBCD4300EBB63F /* Main.storyboard */,
				774E649726FBCD4500EBB63F /* Assets.xcassets */,
				774E649926FBCD4500EBB63F /* LaunchScreen.storyboard */,
				774E649C26FBCD4500EBB63F /* Info.plist */,
			);
			path = PaletteOfView;
			sourceTree = "<group>";
		};
/* End PBXGroup section */

/* Begin PBXNativeTarget section */
		774E648A26FBCD4300EBB63F /* PaletteOfView */ = {
			isa = PBXNativeTarget;
			buildConfigurationList = 774E649F26FBCD4500EBB63F /* Build configuration list for PBXNativeTarget "PaletteOfView" */;
			buildPhases = (
				774E648726FBCD4300EBB63F /* Sources */,
				774E648826FBCD4300EBB63F /* Frameworks */,
				774E648926FBCD4300EBB63F /* Resources */,
			);
			buildRules = (
			);
			dependencies = (
			);
			name = PaletteOfView;
			productName = PaletteOfView;
			productReference = 774E648B26FBCD4300EBB63F /* PaletteOfView.app */;
			productType = "com.apple.product-type.application";
		};
/* End PBXNativeTarget section */

/* Begin PBXProject section */
		774E648326FBCD4300EBB63F /* Project object */ = {
			isa = PBXProject;
			attributes = {
				LastSwiftUpdateCheck = 1250;
				LastUpgradeCheck = 1250;
				TargetAttributes = {
					774E648A26FBCD4300EBB63F = {
						CreatedOnToolsVersion = 12.5;
					};
				};
			};
			buildConfigurationList = 774E648626FBCD4300EBB63F /* Build configuration list for PBXProject "PaletteOfView" */;
			compatibilityVersion = "Xcode 9.3";
			developmentRegion = en;
			hasScannedForEncodings = 0;
			knownRegions = (
				en,
				Base,
			);
			mainGroup = 774E648226FBCD4300EBB63F;
			productRefGroup = 774E648C26FBCD4300EBB63F /* Products */;
			projectDirPath = "";
			projectRoot = "";
			targets = (
				774E648A26FBCD4300EBB63F /* PaletteOfView */,
			);
		};
/* End PBXProject section */

/* Begin PBXResourcesBuildPhase section */
		774E648926FBCD4300EBB63F /* Resources */ = {
			isa = PBXResourcesBuildPhase;
			buildActionMask = 2147483647;
			files = (
				774E649B26FBCD4500EBB63F /* LaunchScreen.storyboard in Resources */,
				774E649826FBCD4500EBB63F /* Assets.xcassets in Resources */,
				774E649626FBCD4300EBB63F /* Main.storyboard in Resources */,
			);
			runOnlyForDeploymentPostprocessing = 0;
		};
/* End PBXResourcesBuildPhase section */

/* Begin PBXSourcesBuildPhase section */
		774E648726FBCD4300EBB63F /* Sources */ = {
			isa = PBXSourcesBuildPhase;
			buildActionMask = 2147483647;
			files = (
				774E649326FBCD4300EBB63F /* ViewController.swift in Sources */,
				774E648F26FBCD4300EBB63F /* AppDelegate.swift in Sources */,
				774E649126FBCD4300EBB63F /* SceneDelegate.swift in Sources */,
			);
			runOnlyForDeploymentPostprocessing = 0;
		};
/* End PBXSourcesBuildPhase section */

/* Begin PBXVariantGroup section */
		774E649426FBCD4300EBB63F /* Main.storyboard */ = {
			isa = PBXVariantGroup;
			children = (
				774E649526FBCD4300EBB63F /* Base */,
			);
			name = Main.storyboard;
			sourceTree = "<group>";
		};
		774E649926FBCD4500EBB63F /* LaunchScreen.storyboard */ = {
			isa = PBXVariantGroup;
			children = (
				774E649A26FBCD4500EBB63F /* Base */,
			);
			name = LaunchScreen.storyboard;
			sourceTree = "<group>";
		};
/* End PBXVariantGroup section */

/* Begin XCBuildConfiguration section */
		774E649D26FBCD4500EBB63F /* Debug */ = {
			isa = XCBuildConfiguration;
			buildSettings = {
				ALWAYS_SEARCH_USER_PATHS = NO;
				CLANG_ANALYZER_NONNULL = YES;
				CLANG_ANALYZER_NUMBER_OBJECT_CONVERSION = YES_AGGRESSIVE;
				CLANG_CXX_LANGUAGE_STANDARD = "gnu++14";
				CLANG_CXX_LIBRARY = "libc++";
				CLANG_ENABLE_MODULES = YES;
				CLANG_ENABLE_OBJC_ARC = YES;
				CLANG_ENABLE_OBJC_WEAK = YES;
				CLANG_WARN_BLOCK_CAPTURE_AUTORELEASING = YES;
				CLANG_WARN_BOOL_CONVERSION = YES;
				CLANG_WARN_COMMA = YES;
				CLANG_WARN_CONSTANT_CONVERSION = YES;
				CLANG_WARN_DEPRECATED_OBJC_IMPLEMENTATIONS = YES;
				CLANG_WARN_DIRECT_OBJC_ISA_USAGE = YES_ERROR;
				CLANG_WARN_DOCUMENTATION_COMMENTS = YES;
				CLANG_WARN_EMPTY_BODY = YES;
				CLANG_WARN_ENUM_CONVERSION = YES;
				CLANG_WARN_INFINITE_RECURSION = YES;
				CLANG_WARN_INT_CONVERSION = YES;
				CLANG_WARN_NON_LITERAL_NULL_CONVERSION = YES;
				CLANG_WARN_OBJC_IMPLICIT_RETAIN_SELF = YES;
				CLANG_WARN_OBJC_LITERAL_CONVERSION = YES;
				CLANG_WARN_OBJC_ROOT_CLASS = YES_ERROR;
				CLANG_WARN_QUOTED_INCLUDE_IN_FRAMEWORK_HEADER = YES;
				CLANG_WARN_RANGE_LOOP_ANALYSIS = YES;
				CLANG_WARN_STRICT_PROTOTYPES = YES;
				CLANG_WARN_SUSPICIOUS_MOVE = YES;
				CLANG_WARN_UNGUARDED_AVAILABILITY = YES_AGGRESSIVE;
				CLANG_WARN_UNREACHABLE_CODE = YES;
				CLANG_WARN__DUPLICATE_METHOD_MATCH = YES;
				COPY_PHASE_STRIP = NO;
				DEBUG_INFORMATION_FORMAT = dwarf;
				ENABLE_STRICT_OBJC_MSGSEND = YES;
				ENABLE_TESTABILITY = YES;
				GCC_C_LANGUAGE_STANDARD = gnu11;
				GCC_DYNAMIC_NO_PIC = NO;
				GCC_NO_COMMON_BLOCKS = YES;
				GCC_OPTIMIZATION_LEVEL = 0;
				GCC_PREPROCESSOR_DEFINITIONS = (
					"DEBUG=1",
					"$(inherited)",
				);
				GCC_WARN_64_TO_32_BIT_CONVERSION = YES;
				GCC_WARN_ABOUT_RETURN_TYPE = YES_ERROR;
				GCC_WARN_UNDECLARED_SELECTOR = YES;
				GCC_WARN_UNINITIALIZED_AUTOS = YES_AGGRESSIVE;
				GCC_WARN_UNUSED_FUNCTION = YES;
				GCC_WARN_UNUSED_VARIABLE = YES;
				IPHONEOS_DEPLOYMENT_TARGET = 14.5;
				MTL_ENABLE_DEBUG_INFO = INCLUDE_SOURCE;
				MTL_FAST_MATH = YES;
				ONLY_ACTIVE_ARCH = YES;
				SDKROOT = iphoneos;
				SWIFT_ACTIVE_COMPILATION_CONDITIONS = DEBUG;
				SWIFT_OPTIMIZATION_LEVEL = "-Onone";
			};
			name = Debug;
		};
		774E649E26FBCD4500EBB63F /* Release */ = {
			isa = XCBuildConfiguration;
			buildSettings = {
				ALWAYS_SEARCH_USER_PATHS = NO;
				CLANG_ANALYZER_NONNULL = YES;
				CLANG_ANALYZER_NUMBER_OBJECT_CONVERSION = YES_AGGRESSIVE;
				CLANG_CXX_LANGUAGE_STANDARD = "gnu++14";
				CLANG_CXX_LIBRARY = "libc++";
				CLANG_ENABLE_MODULES = YES;
				CLANG_ENABLE_OBJC_ARC = YES;
				CLANG_ENABLE_OBJC_WEAK = YES;
				CLANG_WARN_BLOCK_CAPTURE_AUTORELEASING = YES;
				CLANG_WARN_BOOL_CONVERSION = YES;
				CLANG_WARN_COMMA = YES;
				CLANG_WARN_CONSTANT_CONVERSION = YES;
				CLANG_WARN_DEPRECATED_OBJC_IMPLEMENTATIONS = YES;
				CLANG_WARN_DIRECT_OBJC_ISA_USAGE = YES_ERROR;
				CLANG_WARN_DOCUMENTATION_COMMENTS = YES;
				CLANG_WARN_EMPTY_BODY = YES;
				CLANG_WARN_ENUM_CONVERSION = YES;
				CLANG_WARN_INFINITE_RECURSION = YES;
				CLANG_WARN_INT_CONVERSION = YES;
				CLANG_WARN_NON_LITERAL_NULL_CONVERSION = YES;
				CLANG_WARN_OBJC_IMPLICIT_RETAIN_SELF = YES;
				CLANG_WARN_OBJC_LITERAL_CONVERSION = YES;
				CLANG_WARN_OBJC_ROOT_CLASS = YES_ERROR;
				CLANG_WARN_QUOTED_INCLUDE_IN_FRAMEWORK_HEADER = YES;
				CLANG_WARN_RANGE_LOOP_ANALYSIS = YES;
				CLANG_WARN_STRICT_PROTOTYPES = YES;
				CLANG_WARN_SUSPICIOUS_MOVE = YES;
				CLANG_WARN_UNGUARDED_AVAILABILITY = YES_AGGRESSIVE;
				CLANG_WARN_UNREACHABLE_CODE = YES;
				CLANG_WARN__DUPLICATE_METHOD_MATCH = YES;
				COPY_PHASE_STRIP = NO;
				DEBUG_INFORMATION_FORMAT = "dwarf-with-dsym";
				ENABLE_NS_ASSERTIONS = NO;
				ENABLE_STRICT_OBJC_MSGSEND = YES;
				GCC_C_LANGUAGE_STANDARD = gnu11;
				GCC_NO_COMMON_BLOCKS = YES;
				GCC_WARN_64_TO_32_BIT_CONVERSION = YES;
				GCC_WARN_ABOUT_RETURN_TYPE = YES_ERROR;
				GCC_WARN_UNDECLARED_SELECTOR = YES;
				GCC_WARN_UNINITIALIZED_AUTOS = YES_AGGRESSIVE;
				GCC_WARN_UNUSED_FUNCTION = YES;
				GCC_WARN_UNUSED_VARIABLE = YES;
				IPHONEOS_DEPLOYMENT_TARGET = 14.5;
				MTL_ENABLE_DEBUG_INFO = NO;
				MTL_FAST_MATH = YES;
				SDKROOT = iphoneos;
				SWIFT_COMPILATION_MODE = wholemodule;
				SWIFT_OPTIMIZATION_LEVEL = "-O";
				VALIDATE_PRODUCT = YES;
			};
			name = Release;
		};
		774E64A026FBCD4500EBB63F /* Debug */ = {
			isa = XCBuildConfiguration;
			buildSettings = {
				ASSETCATALOG_COMPILER_APPICON_NAME = AppIcon;
				ASSETCATALOG_COMPILER_GLOBAL_ACCENT_COLOR_NAME = AccentColor;
				CODE_SIGN_STYLE = Automatic;
				DEVELOPMENT_TEAM = 347DD794MM;
				INFOPLIST_FILE = PaletteOfView/Info.plist;
				LD_RUNPATH_SEARCH_PATHS = (
					"$(inherited)",
					"@executable_path/Frameworks",
				);
				PRODUCT_BUNDLE_IDENTIFIER = andrey.PaletteOfView;
				PRODUCT_NAME = "$(TARGET_NAME)";
				SWIFT_VERSION = 5.0;
				TARGETED_DEVICE_FAMILY = "1,2";
			};
			name = Debug;
		};
		774E64A126FBCD4500EBB63F /* Release */ = {
			isa = XCBuildConfiguration;
			buildSettings = {
				ASSETCATALOG_COMPILER_APPICON_NAME = AppIcon;
				ASSETCATALOG_COMPILER_GLOBAL_ACCENT_COLOR_NAME = AccentColor;
				CODE_SIGN_STYLE = Automatic;
				DEVELOPMENT_TEAM = 347DD794MM;
				INFOPLIST_FILE = PaletteOfView/Info.plist;
				LD_RUNPATH_SEARCH_PATHS = (
					"$(inherited)",
					"@executable_path/Frameworks",
				);
				PRODUCT_BUNDLE_IDENTIFIER = andrey.PaletteOfView;
				PRODUCT_NAME = "$(TARGET_NAME)";
				SWIFT_VERSION = 5.0;
				TARGETED_DEVICE_FAMILY = "1,2";
			};
			name = Release;
		};
/* End XCBuildConfiguration section */

/* Begin XCConfigurationList section */
		774E648626FBCD4300EBB63F /* Build configuration list for PBXProject "PaletteOfView" */ = {
			isa = XCConfigurationList;
			buildConfigurations = (
				774E649D26FBCD4500EBB63F /* Debug */,
				774E649E26FBCD4500EBB63F /* Release */,
			);
			defaultConfigurationIsVisible = 0;
			defaultConfigurationName = Release;
		};
		774E649F26FBCD4500EBB63F /* Build configuration list for PBXNativeTarget "PaletteOfView" */ = {
			isa = XCConfigurationList;
			buildConfigurations = (
				774E64A026FBCD4500EBB63F /* Debug */,
				774E64A126FBCD4500EBB63F /* Release */,
			);
			defaultConfigurationIsVisible = 0;
			defaultConfigurationName = Release;
		};
/* End XCConfigurationList section */
	};
	rootObject = 774E648326FBCD4300EBB63F /* Project object */;
}
